
Microsoft Visual Studio Solution File, Format Version 12.00
# Visual Studio Version 17
VisualStudioVersion = 17.5.33530.505
MinimumVisualStudioVersion = 10.0.40219.1
Project("{8BC9CEB8-8B4A-11D0-8D11-00A0C91BC942}") = "ITP Projekt", "ITP Projekt\ITP Projekt.vcxproj", "{4E1DB320-7FEA-4E35-9EA8-1D6B9D31E2D9}"
EndProject
Global
	GlobalSection(SolutionConfigurationPlatforms) = preSolution
		Debug|x64 = Debug|x64
		Debug|x86 = Debug|x86
		Release|x64 = Release|x64
		Release|x86 = Release|x86
	EndGlobalSection
	GlobalSection(ProjectConfigurationPlatforms) = postSolution
		{4E1DB320-7FEA-4E35-9EA8-1D6B9D31E2D9}.Debug|x64.ActiveCfg = Debug|x64
		{4E1DB320-7FEA-4E35-9EA8-1D6B9D31E2D9}.Debug|x64.Build.0 = Debug|x64
		{4E1DB320-7FEA-4E35-9EA8-1D6B9D31E2D9}.Debug|x86.ActiveCfg = Debug|Win32
		{4E1DB320-7FEA-4E35-9EA8-1D6B9D31E2D9}.Debug|x86.Build.0 = Debug|Win32
		{4E1DB320-7FEA-4E35-9EA8-1D6B9D31E2D9}.Release|x64.ActiveCfg = Release|x64
		{4E1DB320-7FEA-4E35-9EA8-1D6B9D31E2D9}.Release|x64.Build.0 = Release|x64
		{4E1DB320-7FEA-4E35-9EA8-1D6B9D31E2D9}.Release|x86.ActiveCfg = Release|Win32
		{4E1DB320-7FEA-4E35-9EA8-1D6B9D31E2D9}.Release|x86.Build.0 = Release|Win32
	EndGlobalSection
	GlobalSection(SolutionProperties) = preSolution
		HideSolutionNode = FALSE
	EndGlobalSection
	GlobalSection(ExtensibilityGlobals) = postSolution
		SolutionGuid = {48387B7A-DF51-432C-A352-48E7CC35CB8E}
	EndGlobalSection
EndGlobal
